// !$*UTF8*$!
{
	archiveVersion = 1;
	classes = {
	};
	objectVersion = 55;
	objects = {

/* Begin PBXBuildFile section */
		8454C16F2895A549006B1E43 /* AppDelegate.swift in Sources */ = {isa = PBXBuildFile; fileRef = 8454C16E2895A549006B1E43 /* AppDelegate.swift */; };
		8454C1712895A549006B1E43 /* SceneDelegate.swift in Sources */ = {isa = PBXBuildFile; fileRef = 8454C1702895A549006B1E43 /* SceneDelegate.swift */; };
		8454C1732895A549006B1E43 /* ViewController.swift in Sources */ = {isa = PBXBuildFile; fileRef = 8454C1722895A549006B1E43 /* ViewController.swift */; };
		8454C1762895A549006B1E43 /* Main.storyboard in Resources */ = {isa = PBXBuildFile; fileRef = 8454C1742895A549006B1E43 /* Main.storyboard */; };
		8454C1782895A54C006B1E43 /* Assets.xcassets in Resources */ = {isa = PBXBuildFile; fileRef = 8454C1772895A54C006B1E43 /* Assets.xcassets */; };
		8454C17B2895A54C006B1E43 /* LaunchScreen.storyboard in Resources */ = {isa = PBXBuildFile; fileRef = 8454C1792895A54C006B1E43 /* LaunchScreen.storyboard */; };
		8454C1832895BBEA006B1E43 /* DataModel.swift in Sources */ = {isa = PBXBuildFile; fileRef = 8454C1822895BBEA006B1E43 /* DataModel.swift */; };
		8454C1852895BC01006B1E43 /* RedTableViewCell.swift in Sources */ = {isa = PBXBuildFile; fileRef = 8454C1842895BC01006B1E43 /* RedTableViewCell.swift */; };
		8454C1872895BC16006B1E43 /* BlueTableViewCell.swift in Sources */ = {isa = PBXBuildFile; fileRef = 8454C1862895BC16006B1E43 /* BlueTableViewCell.swift */; };
		8454C1892895BC2E006B1E43 /* GreenTableViewCell.swift in Sources */ = {isa = PBXBuildFile; fileRef = 8454C1882895BC2E006B1E43 /* GreenTableViewCell.swift */; };
/* End PBXBuildFile section */

/* Begin PBXFileReference section */
		8454C16B2895A549006B1E43 /* CV_TableView.app */ = {isa = PBXFileReference; explicitFileType = wrapper.application; includeInIndex = 0; path = CV_TableView.app; sourceTree = BUILT_PRODUCTS_DIR; };
		8454C16E2895A549006B1E43 /* AppDelegate.swift */ = {isa = PBXFileReference; lastKnownFileType = sourcecode.swift; path = AppDelegate.swift; sourceTree = "<group>"; };
		8454C1702895A549006B1E43 /* SceneDelegate.swift */ = {isa = PBXFileReference; lastKnownFileType = sourcecode.swift; path = SceneDelegate.swift; sourceTree = "<group>"; };
		8454C1722895A549006B1E43 /* ViewController.swift */ = {isa = PBXFileReference; lastKnownFileType = sourcecode.swift; path = ViewController.swift; sourceTree = "<group>"; };
		8454C1752895A549006B1E43 /* Base */ = {isa = PBXFileReference; lastKnownFileType = file.storyboard; name = Base; path = Base.lproj/Main.storyboard; sourceTree = "<group>"; };
		8454C1772895A54C006B1E43 /* Assets.xcassets */ = {isa = PBXFileReference; lastKnownFileType = folder.assetcatalog; path = Assets.xcassets; sourceTree = "<group>"; };
		8454C17A2895A54C006B1E43 /* Base */ = {isa = PBXFileReference; lastKnownFileType = file.storyboard; name = Base; path = Base.lproj/LaunchScreen.storyboard; sourceTree = "<group>"; };
		8454C17C2895A54C006B1E43 /* Info.plist */ = {isa = PBXFileReference; lastKnownFileType = text.plist.xml; path = Info.plist; sourceTree = "<group>"; };
		8454C1822895BBEA006B1E43 /* DataModel.swift */ = {isa = PBXFileReference; lastKnownFileType = sourcecode.swift; path = DataModel.swift; sourceTree = "<group>"; };
		8454C1842895BC01006B1E43 /* RedTableViewCell.swift */ = {isa = PBXFileReference; lastKnownFileType = sourcecode.swift; path = RedTableViewCell.swift; sourceTree = "<group>"; };
		8454C1862895BC16006B1E43 /* BlueTableViewCell.swift */ = {isa = PBXFileReference; lastKnownFileType = sourcecode.swift; path = BlueTableViewCell.swift; sourceTree = "<group>"; };
		8454C1882895BC2E006B1E43 /* GreenTableViewCell.swift */ = {isa = PBXFileReference; lastKnownFileType = sourcecode.swift; path = GreenTableViewCell.swift; sourceTree = "<group>"; };
/* End PBXFileReference section */

/* Begin PBXFrameworksBuildPhase section */
		8454C1682895A549006B1E43 /* Frameworks */ = {
			isa = PBXFrameworksBuildPhase;
			buildActionMask = 2147483647;
			files = (
			);
			runOnlyForDeploymentPostprocessing = 0;
		};
/* End PBXFrameworksBuildPhase section */

/* Begin PBXGroup section */
		8454C1622895A549006B1E43 = {
			isa = PBXGroup;
			children = (
				8454C16D2895A549006B1E43 /* CV_TableView */,
				8454C16C2895A549006B1E43 /* Products */,
			);
			sourceTree = "<group>";
		};
		8454C16C2895A549006B1E43 /* Products */ = {
			isa = PBXGroup;
			children = (
				8454C16B2895A549006B1E43 /* CV_TableView.app */,
			);
			name = Products;
			sourceTree = "<group>";
		};
		8454C16D2895A549006B1E43 /* CV_TableView */ = {
			isa = PBXGroup;
			children = (
				8454C16E2895A549006B1E43 /* AppDelegate.swift */,
				8454C1702895A549006B1E43 /* SceneDelegate.swift */,
				8454C1722895A549006B1E43 /* ViewController.swift */,
				8454C18A2895BC38006B1E43 /* CustomCells */,
				8454C1822895BBEA006B1E43 /* DataModel.swift */,
				8454C1742895A549006B1E43 /* Main.storyboard */,
				8454C1772895A54C006B1E43 /* Assets.xcassets */,
				8454C1792895A54C006B1E43 /* LaunchScreen.storyboard */,
				8454C17C2895A54C006B1E43 /* Info.plist */,
			);
			path = CV_TableView;
			sourceTree = "<group>";
		};
		8454C18A2895BC38006B1E43 /* CustomCells */ = {
			isa = PBXGroup;
			children = (
				8454C1842895BC01006B1E43 /* RedTableViewCell.swift */,
				8454C1862895BC16006B1E43 /* BlueTableViewCell.swift */,
				8454C1882895BC2E006B1E43 /* GreenTableViewCell.swift */,
			);
			path = CustomCells;
			sourceTree = "<group>";
		};
/* End PBXGroup section */

/* Begin PBXNativeTarget section */
		8454C16A2895A549006B1E43 /* CV_TableView */ = {
			isa = PBXNativeTarget;
			buildConfigurationList = 8454C17F2895A54C006B1E43 /* Build configuration list for PBXNativeTarget "CV_TableView" */;
			buildPhases = (
				8454C1672895A549006B1E43 /* Sources */,
				8454C1682895A549006B1E43 /* Frameworks */,
				8454C1692895A549006B1E43 /* Resources */,
			);
			buildRules = (
			);
			dependencies = (
			);
			name = CV_TableView;
			productName = CV_TableView;
			productReference = 8454C16B2895A549006B1E43 /* CV_TableView.app */;
			productType = "com.apple.product-type.application";
		};
/* End PBXNativeTarget section */

/* Begin PBXProject section */
		8454C1632895A549006B1E43 /* Project object */ = {
			isa = PBXProject;
			attributes = {
				BuildIndependentTargetsInParallel = 1;
				LastSwiftUpdateCheck = 1320;
				LastUpgradeCheck = 1320;
				TargetAttributes = {
					8454C16A2895A549006B1E43 = {
						CreatedOnToolsVersion = 13.2.1;
					};
				};
			};
			buildConfigurationList = 8454C1662895A549006B1E43 /* Build configuration list for PBXProject "CV_TableView" */;
			compatibilityVersion = "Xcode 13.0";
			developmentRegion = en;
			hasScannedForEncodings = 0;
			knownRegions = (
				en,
				Base,
			);
			mainGroup = 8454C1622895A549006B1E43;
			productRefGroup = 8454C16C2895A549006B1E43 /* Products */;
			projectDirPath = "";
			projectRoot = "";
			targets = (
				8454C16A2895A549006B1E43 /* CV_TableView */,
			);
		};
/* End PBXProject section */

/* Begin PBXResourcesBuildPhase section */
		8454C1692895A549006B1E43 /* Resources */ = {
			isa = PBXResourcesBuildPhase;
			buildActionMask = 2147483647;
			files = (
				8454C17B2895A54C006B1E43 /* LaunchScreen.storyboard in Resources */,
				8454C1782895A54C006B1E43 /* Assets.xcassets in Resources */,
				8454C1762895A549006B1E43 /* Main.storyboard in Resources */,
			);
			runOnlyForDeploymentPostprocessing = 0;
		};
/* End PBXResourcesBuildPhase section */

/* Begin PBXSourcesBuildPhase section */
		8454C1672895A549006B1E43 /* Sources */ = {
			isa = PBXSourcesBuildPhase;
			buildActionMask = 2147483647;
			files = (
				8454C1732895A549006B1E43 /* ViewController.swift in Sources */,
				8454C1892895BC2E006B1E43 /* GreenTableViewCell.swift in Sources */,
				8454C1872895BC16006B1E43 /* BlueTableViewCell.swift in Sources */,
				8454C1832895BBEA006B1E43 /* DataModel.swift in Sources */,
				8454C1852895BC01006B1E43 /* RedTableViewCell.swift in Sources */,
				8454C16F2895A549006B1E43 /* AppDelegate.swift in Sources */,
				8454C1712895A549006B1E43 /* SceneDelegate.swift in Sources */,
			);
			runOnlyForDeploymentPostprocessing = 0;
		};
/* End PBXSourcesBuildPhase section */

/* Begin PBXVariantGroup section */
		8454C1742895A549006B1E43 /* Main.storyboard */ = {
			isa = PBXVariantGroup;
			children = (
				8454C1752895A549006B1E43 /* Base */,
			);
			name = Main.storyboard;
			sourceTree = "<group>";
		};
		8454C1792895A54C006B1E43 /* LaunchScreen.storyboard */ = {
			isa = PBXVariantGroup;
			children = (
				8454C17A2895A54C006B1E43 /* Base */,
			);
			name = LaunchScreen.storyboard;
			sourceTree = "<group>";
		};
/* End PBXVariantGroup section */

/* Begin XCBuildConfiguration section */
		8454C17D2895A54C006B1E43 /* Debug */ = {
			isa = XCBuildConfiguration;
			buildSettings = {
				ALWAYS_SEARCH_USER_PATHS = NO;
				CLANG_ANALYZER_NONNULL = YES;
				CLANG_ANALYZER_NUMBER_OBJECT_CONVERSION = YES_AGGRESSIVE;
				CLANG_CXX_LANGUAGE_STANDARD = "gnu++17";
				CLANG_CXX_LIBRARY = "libc++";
				CLANG_ENABLE_MODULES = YES;
				CLANG_ENABLE_OBJC_ARC = YES;
				CLANG_ENABLE_OBJC_WEAK = YES;
				CLANG_WARN_BLOCK_CAPTURE_AUTORELEASING = YES;
				CLANG_WARN_BOOL_CONVERSION = YES;
				CLANG_WARN_COMMA = YES;
				CLANG_WARN_CONSTANT_CONVERSION = YES;
				CLANG_WARN_DEPRECATED_OBJC_IMPLEMENTATIONS = YES;
				CLANG_WARN_DIRECT_OBJC_ISA_USAGE = YES_ERROR;
				CLANG_WARN_DOCUMENTATION_COMMENTS = YES;
				CLANG_WARN_EMPTY_BODY = YES;
				CLANG_WARN_ENUM_CONVERSION = YES;
				CLANG_WARN_INFINITE_RECURSION = YES;
				CLANG_WARN_INT_CONVERSION = YES;
				CLANG_WARN_NON_LITERAL_NULL_CONVERSION = YES;
				CLANG_WARN_OBJC_IMPLICIT_RETAIN_SELF = YES;
				CLANG_WARN_OBJC_LITERAL_CONVERSION = YES;
				CLANG_WARN_OBJC_ROOT_CLASS = YES_ERROR;
				CLANG_WARN_QUOTED_INCLUDE_IN_FRAMEWORK_HEADER = YES;
				CLANG_WARN_RANGE_LOOP_ANALYSIS = YES;
				CLANG_WARN_STRICT_PROTOTYPES = YES;
				CLANG_WARN_SUSPICIOUS_MOVE = YES;
				CLANG_WARN_UNGUARDED_AVAILABILITY = YES_AGGRESSIVE;
				CLANG_WARN_UNREACHABLE_CODE = YES;
				CLANG_WARN__DUPLICATE_METHOD_MATCH = YES;
				COPY_PHASE_STRIP = NO;
				DEBUG_INFORMATION_FORMAT = dwarf;
				ENABLE_STRICT_OBJC_MSGSEND = YES;
				ENABLE_TESTABILITY = YES;
				GCC_C_LANGUAGE_STANDARD = gnu11;
				GCC_DYNAMIC_NO_PIC = NO;
				GCC_NO_COMMON_BLOCKS = YES;
				GCC_OPTIMIZATION_LEVEL = 0;
				GCC_PREPROCESSOR_DEFINITIONS = (
					"DEBUG=1",
					"$(inherited)",
				);
				GCC_WARN_64_TO_32_BIT_CONVERSION = YES;
				GCC_WARN_ABOUT_RETURN_TYPE = YES_ERROR;
				GCC_WARN_UNDECLARED_SELECTOR = YES;
				GCC_WARN_UNINITIALIZED_AUTOS = YES_AGGRESSIVE;
				GCC_WARN_UNUSED_FUNCTION = YES;
				GCC_WARN_UNUSED_VARIABLE = YES;
				IPHONEOS_DEPLOYMENT_TARGET = 15.2;
				MTL_ENABLE_DEBUG_INFO = INCLUDE_SOURCE;
				MTL_FAST_MATH = YES;
				ONLY_ACTIVE_ARCH = YES;
				SDKROOT = iphoneos;
				SWIFT_ACTIVE_COMPILATION_CONDITIONS = DEBUG;
				SWIFT_OPTIMIZATION_LEVEL = "-Onone";
			};
			name = Debug;
		};
		8454C17E2895A54C006B1E43 /* Release */ = {
			isa = XCBuildConfiguration;
			buildSettings = {
				ALWAYS_SEARCH_USER_PATHS = NO;
				CLANG_ANALYZER_NONNULL = YES;
				CLANG_ANALYZER_NUMBER_OBJECT_CONVERSION = YES_AGGRESSIVE;
				CLANG_CXX_LANGUAGE_STANDARD = "gnu++17";
				CLANG_CXX_LIBRARY = "libc++";
				CLANG_ENABLE_MODULES = YES;
				CLANG_ENABLE_OBJC_ARC = YES;
				CLANG_ENABLE_OBJC_WEAK = YES;
				CLANG_WARN_BLOCK_CAPTURE_AUTORELEASING = YES;
				CLANG_WARN_BOOL_CONVERSION = YES;
				CLANG_WARN_COMMA = YES;
				CLANG_WARN_CONSTANT_CONVERSION = YES;
				CLANG_WARN_DEPRECATED_OBJC_IMPLEMENTATIONS = YES;
				CLANG_WARN_DIRECT_OBJC_ISA_USAGE = YES_ERROR;
				CLANG_WARN_DOCUMENTATION_COMMENTS = YES;
				CLANG_WARN_EMPTY_BODY = YES;
				CLANG_WARN_ENUM_CONVERSION = YES;
				CLANG_WARN_INFINITE_RECURSION = YES;
				CLANG_WARN_INT_CONVERSION = YES;
				CLANG_WARN_NON_LITERAL_NULL_CONVERSION = YES;
				CLANG_WARN_OBJC_IMPLICIT_RETAIN_SELF = YES;
				CLANG_WARN_OBJC_LITERAL_CONVERSION = YES;
				CLANG_WARN_OBJC_ROOT_CLASS = YES_ERROR;
				CLANG_WARN_QUOTED_INCLUDE_IN_FRAMEWORK_HEADER = YES;
				CLANG_WARN_RANGE_LOOP_ANALYSIS = YES;
				CLANG_WARN_STRICT_PROTOTYPES = YES;
				CLANG_WARN_SUSPICIOUS_MOVE = YES;
				CLANG_WARN_UNGUARDED_AVAILABILITY = YES_AGGRESSIVE;
				CLANG_WARN_UNREACHABLE_CODE = YES;
				CLANG_WARN__DUPLICATE_METHOD_MATCH = YES;
				COPY_PHASE_STRIP = NO;
				DEBUG_INFORMATION_FORMAT = "dwarf-with-dsym";
				ENABLE_NS_ASSERTIONS = NO;
				ENABLE_STRICT_OBJC_MSGSEND = YES;
				GCC_C_LANGUAGE_STANDARD = gnu11;
				GCC_NO_COMMON_BLOCKS = YES;
				GCC_WARN_64_TO_32_BIT_CONVERSION = YES;
				GCC_WARN_ABOUT_RETURN_TYPE = YES_ERROR;
				GCC_WARN_UNDECLARED_SELECTOR = YES;
				GCC_WARN_UNINITIALIZED_AUTOS = YES_AGGRESSIVE;
				GCC_WARN_UNUSED_FUNCTION = YES;
				GCC_WARN_UNUSED_VARIABLE = YES;
				IPHONEOS_DEPLOYMENT_TARGET = 15.2;
				MTL_ENABLE_DEBUG_INFO = NO;
				MTL_FAST_MATH = YES;
				SDKROOT = iphoneos;
				SWIFT_COMPILATION_MODE = wholemodule;
				SWIFT_OPTIMIZATION_LEVEL = "-O";
				VALIDATE_PRODUCT = YES;
			};
			name = Release;
		};
		8454C1802895A54C006B1E43 /* Debug */ = {
			isa = XCBuildConfiguration;
			buildSettings = {
				ASSETCATALOG_COMPILER_APPICON_NAME = AppIcon;
				ASSETCATALOG_COMPILER_GLOBAL_ACCENT_COLOR_NAME = AccentColor;
				CODE_SIGN_STYLE = Automatic;
				CURRENT_PROJECT_VERSION = 1;
				DEVELOPMENT_TEAM = 98XHUX3GU4;
				GENERATE_INFOPLIST_FILE = YES;
				INFOPLIST_FILE = CV_TableView/Info.plist;
				INFOPLIST_KEY_UIApplicationSupportsIndirectInputEvents = YES;
				INFOPLIST_KEY_UILaunchStoryboardName = LaunchScreen;
				INFOPLIST_KEY_UIMainStoryboardFile = Main;
				INFOPLIST_KEY_UISupportedInterfaceOrientations = UIInterfaceOrientationPortrait;
				INFOPLIST_KEY_UISupportedInterfaceOrientations_iPad = "UIInterfaceOrientationPortrait UIInterfaceOrientationPortraitUpsideDown UIInterfaceOrientationLandscapeLeft UIInterfaceOrientationLandscapeRight";
				INFOPLIST_KEY_UISupportedInterfaceOrientations_iPhone = "UIInterfaceOrientationPortrait UIInterfaceOrientationLandscapeLeft UIInterfaceOrientationLandscapeRight";
				LD_RUNPATH_SEARCH_PATHS = (
					"$(inherited)",
					"@executable_path/Frameworks",
				);
				MARKETING_VERSION = 1.0;
				PRODUCT_BUNDLE_IDENTIFIER = "com-gmail.semyzhenko.julia.CV-TableView";
				PRODUCT_NAME = "$(TARGET_NAME)";
				SWIFT_EMIT_LOC_STRINGS = YES;
				SWIFT_VERSION = 5.0;
				TARGETED_DEVICE_FAMILY = 1;
			};
			name = Debug;
		};
		8454C1812895A54C006B1E43 /* Release */ = {
			isa = XCBuildConfiguration;
			buildSettings = {
				ASSETCATALOG_COMPILER_APPICON_NAME = AppIcon;
				ASSETCATALOG_COMPILER_GLOBAL_ACCENT_COLOR_NAME = AccentColor;
				CODE_SIGN_STYLE = Automatic;
				CURRENT_PROJECT_VERSION = 1;
				DEVELOPMENT_TEAM = 98XHUX3GU4;
				GENERATE_INFOPLIST_FILE = YES;
				INFOPLIST_FILE = CV_TableView/Info.plist;
				INFOPLIST_KEY_UIApplicationSupportsIndirectInputEvents = YES;
				INFOPLIST_KEY_UILaunchStoryboardName = LaunchScreen;
				INFOPLIST_KEY_UIMainStoryboardFile = Main;
				INFOPLIST_KEY_UISupportedInterfaceOrientations = UIInterfaceOrientationPortrait;
				INFOPLIST_KEY_UISupportedInterfaceOrientations_iPad = "UIInterfaceOrientationPortrait UIInterfaceOrientationPortraitUpsideDown UIInterfaceOrientationLandscapeLeft UIInterfaceOrientationLandscapeRight";
				INFOPLIST_KEY_UISupportedInterfaceOrientations_iPhone = "UIInterfaceOrientationPortrait UIInterfaceOrientationLandscapeLeft UIInterfaceOrientationLandscapeRight";
				LD_RUNPATH_SEARCH_PATHS = (
					"$(inherited)",
					"@executable_path/Frameworks",
				);
				MARKETING_VERSION = 1.0;
				PRODUCT_BUNDLE_IDENTIFIER = "com-gmail.semyzhenko.julia.CV-TableView";
				PRODUCT_NAME = "$(TARGET_NAME)";
				SWIFT_EMIT_LOC_STRINGS = YES;
				SWIFT_VERSION = 5.0;
				TARGETED_DEVICE_FAMILY = 1;
			};
			name = Release;
		};
/* End XCBuildConfiguration section */

/* Begin XCConfigurationList section */
		8454C1662895A549006B1E43 /* Build configuration list for PBXProject "CV_TableView" */ = {
			isa = XCConfigurationList;
			buildConfigurations = (
				8454C17D2895A54C006B1E43 /* Debug */,
				8454C17E2895A54C006B1E43 /* Release */,
			);
			defaultConfigurationIsVisible = 0;
			defaultConfigurationName = Release;
		};
		8454C17F2895A54C006B1E43 /* Build configuration list for PBXNativeTarget "CV_TableView" */ = {
			isa = XCConfigurationList;
			buildConfigurations = (
				8454C1802895A54C006B1E43 /* Debug */,
				8454C1812895A54C006B1E43 /* Release */,
			);
			defaultConfigurationIsVisible = 0;
			defaultConfigurationName = Release;
		};
/* End XCConfigurationList section */
	};
	rootObject = 8454C1632895A549006B1E43 /* Project object */;
}
